{
  "version": 4,
  "terraform_version": "1.7.4",
  "serial": 1,
  "lineage": "dfeb6988-149b-f845-4a65-4e2a03ba91b4",
  "outputs": {
    "bucket_name": {
      "value": "${var.project}_embed",
      "type": "string"
    },
    "index_display_name": {
      "value": null,
      "type": "string"
    },
    "index_endpoint_display_name": {
      "value": null,
      "type": "string"
    },
    "vertex_network_name": {
      "value": "main-network",
      "type": "string"
    },
    "vertex_range_address": {
      "value": null,
      "type": "string"
    }
  },
  "resources": [
    {
      "mode": "data",
      "type": "google_project",
      "name": "project",
      "provider": "provider[\"registry.terraform.io/hashicorp/google\"]",
      "instances": [
        {
          "schema_version": 0,
          "attributes": {
            "auto_create_network": null,
            "billing_account": "016171-F6B27F-E86CBE",
            "effective_labels": {},
            "folder_id": "186836146020",
            "id": "projects/${var.project}",
            "labels": {},
            "name": "Internship Cas",
            "number": "429336914421",
            "org_id": "",
            "project_id": "${var.project}",
            "skip_delete": null,
            "terraform_labels": {}
          },
          "sensitive_attributes": []
        }
      ]
    },
    {
      "mode": "managed",
      "type": "google_storage_bucket",
      "name": "embeddings",
      "provider": "provider[\"registry.terraform.io/hashicorp/google\"]",
      "instances": [
        {
          "schema_version": 1,
          "attributes": {
            "autoclass": [],
            "cors": [],
            "custom_placement_config": [],
            "default_event_based_hold": false,
            "effective_labels": {},
            "enable_object_retention": false,
            "encryption": [],
            "force_destroy": false,
            "id": "${var.project}_embed",
            "labels": {},
            "lifecycle_rule": [],
            "location": "EUROPE-WEST1",
            "logging": [],
            "name": "${var.project}_embed",
            "project": "${var.project}",
            "project_number": 429336914421,
            "public_access_prevention": "enforced",
            "requester_pays": false,
            "retention_policy": [],
            "rpo": null,
            "self_link": "https://www.googleapis.com/storage/v1/b/${var.project}_embed",
            "soft_delete_policy": [
              {
                "effective_time": "2024-04-02T10:56:13.055Z",
                "retention_duration_seconds": 604800
              }
            ],
            "storage_class": "STANDARD",
            "terraform_labels": {},
            "timeouts": null,
            "uniform_bucket_level_access": true,
            "url": "gs://${var.project}_embed",
            "versioning": [
              {
                "enabled": true
              }
            ],
            "website": []
          },
          "sensitive_attributes": [],
          "private": "eyJlMmJmYjczMC1lY2FhLTExZTYtOGY4OC0zNDM2M2JjN2M0YzAiOnsiY3JlYXRlIjo2MDAwMDAwMDAwMDAsInJlYWQiOjI0MDAwMDAwMDAwMCwidXBkYXRlIjoyNDAwMDAwMDAwMDB9LCJzY2hlbWFfdmVyc2lvbiI6IjEifQ=="
        }
      ]
    }
  ],
  "check_results": null
}
